// !$*UTF8*$!
{
	archiveVersion = 1;
	classes = {
	};
	objectVersion = 48;
	objects = {

/* Begin PBXBuildFile section */
		27597586203FC2AF00DB036D /* AppDelegate.swift in Sources */ = {isa = PBXBuildFile; fileRef = 27597585203FC2AF00DB036D /* AppDelegate.swift */; };
		27597588203FC2AF00DB036D /* ViewController.swift in Sources */ = {isa = PBXBuildFile; fileRef = 27597587203FC2AF00DB036D /* ViewController.swift */; };
		2759758B203FC2AF00DB036D /* Main.storyboard in Resources */ = {isa = PBXBuildFile; fileRef = 27597589203FC2AF00DB036D /* Main.storyboard */; };
		2759758D203FC2AF00DB036D /* Assets.xcassets in Resources */ = {isa = PBXBuildFile; fileRef = 2759758C203FC2AF00DB036D /* Assets.xcassets */; };
		27597590203FC2AF00DB036D /* LaunchScreen.storyboard in Resources */ = {isa = PBXBuildFile; fileRef = 2759758E203FC2AF00DB036D /* LaunchScreen.storyboard */; };
/* End PBXBuildFile section */

/* Begin PBXFileReference section */
		27597582203FC2AF00DB036D /* CloudData.app */ = {isa = PBXFileReference; explicitFileType = wrapper.application; includeInIndex = 0; path = CloudData.app; sourceTree = BUILT_PRODUCTS_DIR; };
		27597585203FC2AF00DB036D /* AppDelegate.swift */ = {isa = PBXFileReference; lastKnownFileType = sourcecode.swift; path = AppDelegate.swift; sourceTree = "<group>"; };
		27597587203FC2AF00DB036D /* ViewController.swift */ = {isa = PBXFileReference; lastKnownFileType = sourcecode.swift; path = ViewController.swift; sourceTree = "<group>"; };
		2759758A203FC2AF00DB036D /* Base */ = {isa = PBXFileReference; lastKnownFileType = file.storyboard; name = Base; path = Base.lproj/Main.storyboard; sourceTree = "<group>"; };
		2759758C203FC2AF00DB036D /* Assets.xcassets */ = {isa = PBXFileReference; lastKnownFileType = folder.assetcatalog; path = Assets.xcassets; sourceTree = "<group>"; };
		2759758F203FC2AF00DB036D /* Base */ = {isa = PBXFileReference; lastKnownFileType = file.storyboard; name = Base; path = Base.lproj/LaunchScreen.storyboard; sourceTree = "<group>"; };
		27597591203FC2AF00DB036D /* Info.plist */ = {isa = PBXFileReference; lastKnownFileType = text.plist.xml; path = Info.plist; sourceTree = "<group>"; };
/* End PBXFileReference section */

/* Begin PBXFrameworksBuildPhase section */
		2759757F203FC2AF00DB036D /* Frameworks */ = {
			isa = PBXFrameworksBuildPhase;
			buildActionMask = 2147483647;
			files = (
			);
			runOnlyForDeploymentPostprocessing = 0;
		};
/* End PBXFrameworksBuildPhase section */

/* Begin PBXGroup section */
		27597579203FC2AF00DB036D = {
			isa = PBXGroup;
			children = (
				27597584203FC2AF00DB036D /* CloudData */,
				27597583203FC2AF00DB036D /* Products */,
			);
			sourceTree = "<group>";
		};
		27597583203FC2AF00DB036D /* Products */ = {
			isa = PBXGroup;
			children = (
				27597582203FC2AF00DB036D /* CloudData.app */,
			);
			name = Products;
			sourceTree = "<group>";
		};
		27597584203FC2AF00DB036D /* CloudData */ = {
			isa = PBXGroup;
			children = (
				27597585203FC2AF00DB036D /* AppDelegate.swift */,
				27597587203FC2AF00DB036D /* ViewController.swift */,
				27597589203FC2AF00DB036D /* Main.storyboard */,
				2759758C203FC2AF00DB036D /* Assets.xcassets */,
				2759758E203FC2AF00DB036D /* LaunchScreen.storyboard */,
				27597591203FC2AF00DB036D /* Info.plist */,
			);
			path = CloudData;
			sourceTree = "<group>";
		};
/* End PBXGroup section */

/* Begin PBXNativeTarget section */
		27597581203FC2AF00DB036D /* CloudData */ = {
			isa = PBXNativeTarget;
			buildConfigurationList = 27597594203FC2AF00DB036D /* Build configuration list for PBXNativeTarget "CloudData" */;
			buildPhases = (
				2759757E203FC2AF00DB036D /* Sources */,
				2759757F203FC2AF00DB036D /* Frameworks */,
				27597580203FC2AF00DB036D /* Resources */,
			);
			buildRules = (
			);
			dependencies = (
			);
			name = CloudData;
			productName = CloudData;
			productReference = 27597582203FC2AF00DB036D /* CloudData.app */;
			productType = "com.apple.product-type.application";
		};
/* End PBXNativeTarget section */

/* Begin PBXProject section */
		2759757A203FC2AF00DB036D /* Project object */ = {
			isa = PBXProject;
			attributes = {
				LastSwiftUpdateCheck = 0920;
				LastUpgradeCheck = 0920;
				ORGANIZATIONNAME = mike;
				TargetAttributes = {
					27597581203FC2AF00DB036D = {
						CreatedOnToolsVersion = 9.2;
						ProvisioningStyle = Automatic;
					};
				};
			};
			buildConfigurationList = 2759757D203FC2AF00DB036D /* Build configuration list for PBXProject "CloudData" */;
			compatibilityVersion = "Xcode 8.0";
			developmentRegion = en;
			hasScannedForEncodings = 0;
			knownRegions = (
				en,
				Base,
			);
			mainGroup = 27597579203FC2AF00DB036D;
			productRefGroup = 27597583203FC2AF00DB036D /* Products */;
			projectDirPath = "";
			projectRoot = "";
			targets = (
				27597581203FC2AF00DB036D /* CloudData */,
			);
		};
/* End PBXProject section */

/* Begin PBXResourcesBuildPhase section */
		27597580203FC2AF00DB036D /* Resources */ = {
			isa = PBXResourcesBuildPhase;
			buildActionMask = 2147483647;
			files = (
				27597590203FC2AF00DB036D /* LaunchScreen.storyboard in Resources */,
				2759758D203FC2AF00DB036D /* Assets.xcassets in Resources */,
				2759758B203FC2AF00DB036D /* Main.storyboard in Resources */,
			);
			runOnlyForDeploymentPostprocessing = 0;
		};
/* End PBXResourcesBuildPhase section */

/* Begin PBXSourcesBuildPhase section */
		2759757E203FC2AF00DB036D /* Sources */ = {
			isa = PBXSourcesBuildPhase;
			buildActionMask = 2147483647;
			files = (
				27597588203FC2AF00DB036D /* ViewController.swift in Sources */,
				27597586203FC2AF00DB036D /* AppDelegate.swift in Sources */,
			);
			runOnlyForDeploymentPostprocessing = 0;
		};
/* End PBXSourcesBuildPhase section */

/* Begin PBXVariantGroup section */
		27597589203FC2AF00DB036D /* Main.storyboard */ = {
			isa = PBXVariantGroup;
			children = (
				2759758A203FC2AF00DB036D /* Base */,
			);
			name = Main.storyboard;
			sourceTree = "<group>";
		};
		2759758E203FC2AF00DB036D /* LaunchScreen.storyboard */ = {
			isa = PBXVariantGroup;
			children = (
				2759758F203FC2AF00DB036D /* Base */,
			);
			name = LaunchScreen.storyboard;
			sourceTree = "<group>";
		};
/* End PBXVariantGroup section */

/* Begin XCBuildConfiguration section */
		27597592203FC2AF00DB036D /* Debug */ = {
			isa = XCBuildConfiguration;
			buildSettings = {
				ALWAYS_SEARCH_USER_PATHS = NO;
				CLANG_ANALYZER_NONNULL = YES;
				CLANG_ANALYZER_NUMBER_OBJECT_CONVERSION = YES_AGGRESSIVE;
				CLANG_CXX_LANGUAGE_STANDARD = "gnu++14";
				CLANG_CXX_LIBRARY = "libc++";
				CLANG_ENABLE_MODULES = YES;
				CLANG_ENABLE_OBJC_ARC = YES;
				CLANG_WARN_BLOCK_CAPTURE_AUTORELEASING = YES;
				CLANG_WARN_BOOL_CONVERSION = YES;
				CLANG_WARN_COMMA = YES;
				CLANG_WARN_CONSTANT_CONVERSION = YES;
				CLANG_WARN_DIRECT_OBJC_ISA_USAGE = YES_ERROR;
				CLANG_WARN_DOCUMENTATION_COMMENTS = YES;
				CLANG_WARN_EMPTY_BODY = YES;
				CLANG_WARN_ENUM_CONVERSION = YES;
				CLANG_WARN_INFINITE_RECURSION = YES;
				CLANG_WARN_INT_CONVERSION = YES;
				CLANG_WARN_NON_LITERAL_NULL_CONVERSION = YES;
				CLANG_WARN_OBJC_LITERAL_CONVERSION = YES;
				CLANG_WARN_OBJC_ROOT_CLASS = YES_ERROR;
				CLANG_WARN_RANGE_LOOP_ANALYSIS = YES;
				CLANG_WARN_STRICT_PROTOTYPES = YES;
				CLANG_WARN_SUSPICIOUS_MOVE = YES;
				CLANG_WARN_UNGUARDED_AVAILABILITY = YES_AGGRESSIVE;
				CLANG_WARN_UNREACHABLE_CODE = YES;
				CLANG_WARN__DUPLICATE_METHOD_MATCH = YES;
				CODE_SIGN_IDENTITY = "iPhone Developer";
				COPY_PHASE_STRIP = NO;
				DEBUG_INFORMATION_FORMAT = dwarf;
				ENABLE_STRICT_OBJC_MSGSEND = YES;
				ENABLE_TESTABILITY = YES;
				GCC_C_LANGUAGE_STANDARD = gnu11;
				GCC_DYNAMIC_NO_PIC = NO;
				GCC_NO_COMMON_BLOCKS = YES;
				GCC_OPTIMIZATION_LEVEL = 0;
				GCC_PREPROCESSOR_DEFINITIONS = (
					"DEBUG=1",
					"$(inherited)",
				);
				GCC_WARN_64_TO_32_BIT_CONVERSION = YES;
				GCC_WARN_ABOUT_RETURN_TYPE = YES_ERROR;
				GCC_WARN_UNDECLARED_SELECTOR = YES;
				GCC_WARN_UNINITIALIZED_AUTOS = YES_AGGRESSIVE;
				GCC_WARN_UNUSED_FUNCTION = YES;
				GCC_WARN_UNUSED_VARIABLE = YES;
				IPHONEOS_DEPLOYMENT_TARGET = 11.2;
				MTL_ENABLE_DEBUG_INFO = YES;
				ONLY_ACTIVE_ARCH = YES;
				SDKROOT = iphoneos;
				SWIFT_ACTIVE_COMPILATION_CONDITIONS = DEBUG;
				SWIFT_OPTIMIZATION_LEVEL = "-Onone";
			};
			name = Debug;
		};
		27597593203FC2AF00DB036D /* Release */ = {
			isa = XCBuildConfiguration;
			buildSettings = {
				ALWAYS_SEARCH_USER_PATHS = NO;
				CLANG_ANALYZER_NONNULL = YES;
				CLANG_ANALYZER_NUMBER_OBJECT_CONVERSION = YES_AGGRESSIVE;
				CLANG_CXX_LANGUAGE_STANDARD = "gnu++14";
				CLANG_CXX_LIBRARY = "libc++";
				CLANG_ENABLE_MODULES = YES;
				CLANG_ENABLE_OBJC_ARC = YES;
				CLANG_WARN_BLOCK_CAPTURE_AUTORELEASING = YES;
				CLANG_WARN_BOOL_CONVERSION = YES;
				CLANG_WARN_COMMA = YES;
				CLANG_WARN_CONSTANT_CONVERSION = YES;
				CLANG_WARN_DIRECT_OBJC_ISA_USAGE = YES_ERROR;
				CLANG_WARN_DOCUMENTATION_COMMENTS = YES;
				CLANG_WARN_EMPTY_BODY = YES;
				CLANG_WARN_ENUM_CONVERSION = YES;
				CLANG_WARN_INFINITE_RECURSION = YES;
				CLANG_WARN_INT_CONVERSION = YES;
				CLANG_WARN_NON_LITERAL_NULL_CONVERSION = YES;
				CLANG_WARN_OBJC_LITERAL_CONVERSION = YES;
				CLANG_WARN_OBJC_ROOT_CLASS = YES_ERROR;
				CLANG_WARN_RANGE_LOOP_ANALYSIS = YES;
				CLANG_WARN_STRICT_PROTOTYPES = YES;
				CLANG_WARN_SUSPICIOUS_MOVE = YES;
				CLANG_WARN_UNGUARDED_AVAILABILITY = YES_AGGRESSIVE;
				CLANG_WARN_UNREACHABLE_CODE = YES;
				CLANG_WARN__DUPLICATE_METHOD_MATCH = YES;
				CODE_SIGN_IDENTITY = "iPhone Developer";
				COPY_PHASE_STRIP = NO;
				DEBUG_INFORMATION_FORMAT = "dwarf-with-dsym";
				ENABLE_NS_ASSERTIONS = NO;
				ENABLE_STRICT_OBJC_MSGSEND = YES;
				GCC_C_LANGUAGE_STANDARD = gnu11;
				GCC_NO_COMMON_BLOCKS = YES;
				GCC_WARN_64_TO_32_BIT_CONVERSION = YES;
				GCC_WARN_ABOUT_RETURN_TYPE = YES_ERROR;
				GCC_WARN_UNDECLARED_SELECTOR = YES;
				GCC_WARN_UNINITIALIZED_AUTOS = YES_AGGRESSIVE;
				GCC_WARN_UNUSED_FUNCTION = YES;
				GCC_WARN_UNUSED_VARIABLE = YES;
				IPHONEOS_DEPLOYMENT_TARGET = 11.2;
				MTL_ENABLE_DEBUG_INFO = NO;
				SDKROOT = iphoneos;
				SWIFT_OPTIMIZATION_LEVEL = "-Owholemodule";
				VALIDATE_PRODUCT = YES;
			};
			name = Release;
		};
		27597595203FC2AF00DB036D /* Debug */ = {
			isa = XCBuildConfiguration;
			buildSettings = {
				ASSETCATALOG_COMPILER_APPICON_NAME = AppIcon;
				CODE_SIGN_STYLE = Automatic;
				DEVELOPMENT_TEAM = V27234G388;
				INFOPLIST_FILE = CloudData/Info.plist;
				LD_RUNPATH_SEARCH_PATHS = "$(inherited) @executable_path/Frameworks";
				PRODUCT_BUNDLE_IDENTIFIER = com.example.CloudData;
				PRODUCT_NAME = "$(TARGET_NAME)";
				SWIFT_VERSION = 4.0;
				TARGETED_DEVICE_FAMILY = "1,2";
			};
			name = Debug;
		};
		27597596203FC2AF00DB036D /* Release */ = {
			isa = XCBuildConfiguration;
			buildSettings = {
				ASSETCATALOG_COMPILER_APPICON_NAME = AppIcon;
				CODE_SIGN_STYLE = Automatic;
				DEVELOPMENT_TEAM = V27234G388;
				INFOPLIST_FILE = CloudData/Info.plist;
				LD_RUNPATH_SEARCH_PATHS = "$(inherited) @executable_path/Frameworks";
				PRODUCT_BUNDLE_IDENTIFIER = com.example.CloudData;
				PRODUCT_NAME = "$(TARGET_NAME)";
				SWIFT_VERSION = 4.0;
				TARGETED_DEVICE_FAMILY = "1,2";
			};
			name = Release;
		};
/* End XCBuildConfiguration section */

/* Begin XCConfigurationList section */
		2759757D203FC2AF00DB036D /* Build configuration list for PBXProject "CloudData" */ = {
			isa = XCConfigurationList;
			buildConfigurations = (
				27597592203FC2AF00DB036D /* Debug */,
				27597593203FC2AF00DB036D /* Release */,
			);
			defaultConfigurationIsVisible = 0;
			defaultConfigurationName = Release;
		};
		27597594203FC2AF00DB036D /* Build configuration list for PBXNativeTarget "CloudData" */ = {
			isa = XCConfigurationList;
			buildConfigurations = (
				27597595203FC2AF00DB036D /* Debug */,
				27597596203FC2AF00DB036D /* Release */,
			);
			defaultConfigurationIsVisible = 0;
			defaultConfigurationName = Release;
		};
/* End XCConfigurationList section */
	};
	rootObject = 2759757A203FC2AF00DB036D /* Project object */;
}
